
Microsoft Visual Studio Solution File, Format Version 12.00
# Visual Studio 15
VisualStudioVersion = 15.0.28307.438
MinimumVisualStudioVersion = 10.0.40219.1
Project("{8BC9CEB8-8B4A-11D0-8D11-00A0C91BC942}") = "main", "main\main.vcxproj", "{11858AE3-F31F-40D7-A266-DF79E0A63061}"
EndProject
Project("{8BC9CEB8-8B4A-11D0-8D11-00A0C91BC942}") = "test", "test\test.vcxproj", "{1B2A3494-CF40-4DB2-A64F-D1B4EE590716}"
EndProject
Global
	GlobalSection(SolutionConfigurationPlatforms) = preSolution
		Debug|x64 = Debug|x64
		Debug|x86 = Debug|x86
		Release|x64 = Release|x64
		Release|x86 = Release|x86
	EndGlobalSection
	GlobalSection(ProjectConfigurationPlatforms) = postSolution
		{11858AE3-F31F-40D7-A266-DF79E0A63061}.Debug|x64.ActiveCfg = Debug|x64
		{11858AE3-F31F-40D7-A266-DF79E0A63061}.Debug|x64.Build.0 = Debug|x64
		{11858AE3-F31F-40D7-A266-DF79E0A63061}.Debug|x86.ActiveCfg = Debug|Win32
		{11858AE3-F31F-40D7-A266-DF79E0A63061}.Debug|x86.Build.0 = Debug|Win32
		{11858AE3-F31F-40D7-A266-DF79E0A63061}.Release|x64.ActiveCfg = Release|x64
		{11858AE3-F31F-40D7-A266-DF79E0A63061}.Release|x64.Build.0 = Release|x64
		{11858AE3-F31F-40D7-A266-DF79E0A63061}.Release|x86.ActiveCfg = Release|Win32
		{11858AE3-F31F-40D7-A266-DF79E0A63061}.Release|x86.Build.0 = Release|Win32
		{1B2A3494-CF40-4DB2-A64F-D1B4EE590716}.Debug|x64.ActiveCfg = Debug|x64
		{1B2A3494-CF40-4DB2-A64F-D1B4EE590716}.Debug|x64.Build.0 = Debug|x64
		{1B2A3494-CF40-4DB2-A64F-D1B4EE590716}.Debug|x86.ActiveCfg = Debug|Win32
		{1B2A3494-CF40-4DB2-A64F-D1B4EE590716}.Debug|x86.Build.0 = Debug|Win32
		{1B2A3494-CF40-4DB2-A64F-D1B4EE590716}.Release|x64.ActiveCfg = Release|x64
		{1B2A3494-CF40-4DB2-A64F-D1B4EE590716}.Release|x64.Build.0 = Release|x64
		{1B2A3494-CF40-4DB2-A64F-D1B4EE590716}.Release|x86.ActiveCfg = Release|Win32
		{1B2A3494-CF40-4DB2-A64F-D1B4EE590716}.Release|x86.Build.0 = Release|Win32
	EndGlobalSection
	GlobalSection(SolutionProperties) = preSolution
		HideSolutionNode = FALSE
	EndGlobalSection
	GlobalSection(ExtensibilityGlobals) = postSolution
		SolutionGuid = {3371F7C6-A08B-4789-83EE-16333542783F}
	EndGlobalSection
EndGlobal
